
Microsoft Visual Studio Solution File, Format Version 12.00
# Visual Studio Version 17
VisualStudioVersion = 17.5.33627.172
MinimumVisualStudioVersion = 10.0.40219.1
Project("{FAE04EC0-301F-11D3-BF4B-00C04F79EFBC}") = "LinqEx7", "LinqEx7\LinqEx7.csproj", "{76E67372-C601-421D-BB76-3319BCFFB2CF}"
EndProject
Global
	GlobalSection(SolutionConfigurationPlatforms) = preSolution
		Debug|Any CPU = Debug|Any CPU
		Release|Any CPU = Release|Any CPU
	EndGlobalSection
	GlobalSection(ProjectConfigurationPlatforms) = postSolution
		{76E67372-C601-421D-BB76-3319BCFFB2CF}.Debug|Any CPU.ActiveCfg = Debug|Any CPU
		{76E67372-C601-421D-BB76-3319BCFFB2CF}.Debug|Any CPU.Build.0 = Debug|Any CPU
		{76E67372-C601-421D-BB76-3319BCFFB2CF}.Release|Any CPU.ActiveCfg = Release|Any CPU
		{76E67372-C601-421D-BB76-3319BCFFB2CF}.Release|Any CPU.Build.0 = Release|Any CPU
	EndGlobalSection
	GlobalSection(SolutionProperties) = preSolution
		HideSolutionNode = FALSE
	EndGlobalSection
	GlobalSection(ExtensibilityGlobals) = postSolution
		SolutionGuid = {A787C9A4-BA18-4F9F-A0DA-7AED35FE2D9B}
	EndGlobalSection
EndGlobal
