
Microsoft Visual Studio Solution File, Format Version 12.00
# Visual Studio Version 17
VisualStudioVersion = 17.5.33627.172
MinimumVisualStudioVersion = 10.0.40219.1
Project("{FAE04EC0-301F-11D3-BF4B-00C04F79EFBC}") = "LinqEx5", "LinqEx5\LinqEx5.csproj", "{3B4FF11A-BD7D-4A99-8586-706988BEC73A}"
EndProject
Global
	GlobalSection(SolutionConfigurationPlatforms) = preSolution
		Debug|Any CPU = Debug|Any CPU
		Release|Any CPU = Release|Any CPU
	EndGlobalSection
	GlobalSection(ProjectConfigurationPlatforms) = postSolution
		{3B4FF11A-BD7D-4A99-8586-706988BEC73A}.Debug|Any CPU.ActiveCfg = Debug|Any CPU
		{3B4FF11A-BD7D-4A99-8586-706988BEC73A}.Debug|Any CPU.Build.0 = Debug|Any CPU
		{3B4FF11A-BD7D-4A99-8586-706988BEC73A}.Release|Any CPU.ActiveCfg = Release|Any CPU
		{3B4FF11A-BD7D-4A99-8586-706988BEC73A}.Release|Any CPU.Build.0 = Release|Any CPU
	EndGlobalSection
	GlobalSection(SolutionProperties) = preSolution
		HideSolutionNode = FALSE
	EndGlobalSection
	GlobalSection(ExtensibilityGlobals) = postSolution
		SolutionGuid = {53992DB6-F862-4C29-9209-B8213D281971}
	EndGlobalSection
EndGlobal
